
Microsoft Visual Studio Solution File, Format Version 12.00
# Visual Studio 2013
VisualStudioVersion = 12.0.21005.1
MinimumVisualStudioVersion = 10.0.40219.1
Project("{FAE04EC0-301F-11D3-BF4B-00C04F79EFBC}") = "o!RA", "o!RA\o!RA.csproj", "{42435D63-5CAD-4E3A-A7A3-66BC87D2CF05}"
	ProjectSection(ProjectDependencies) = postProject
		{D27C2719-0033-4F58-ACE1-E709DB89B2F3} = {D27C2719-0033-4F58-ACE1-E709DB89B2F3}
		{7D292085-3F6F-4299-B941-4D2C185DA37E} = {7D292085-3F6F-4299-B941-4D2C185DA37E}
		{F4F6BFAC-4D9B-4F24-963E-418806FCA1EE} = {F4F6BFAC-4D9B-4F24-963E-418806FCA1EE}
	EndProjectSection
EndProject
Project("{FAE04EC0-301F-11D3-BF4B-00C04F79EFBC}") = "o!RA Locale Generator", "o!RA Locale Generator\o!RA Locale Generator.csproj", "{A1EAA954-B3C2-4FB2-A62B-5A12A6F5D8E4}"
EndProject
Project("{FAE04EC0-301F-11D3-BF4B-00C04F79EFBC}") = "oRAInterface", "oRAInterface\oRAInterface.csproj", "{F4F6BFAC-4D9B-4F24-963E-418806FCA1EE}"
EndProject
Project("{FAE04EC0-301F-11D3-BF4B-00C04F79EFBC}") = "osu!BMAPI", "osu!BMAPIC#\osu!BMAPI\osu!BMAPI.csproj", "{7D292085-3F6F-4299-B941-4D2C185DA37E}"
EndProject
Project("{FAE04EC0-301F-11D3-BF4B-00C04F79EFBC}") = "osu!ReplayAPI", "osuReplayAPI\osuReplayAPI\osu!ReplayAPI.csproj", "{D27C2719-0033-4F58-ACE1-E709DB89B2F3}"
EndProject
Project("{FAE04EC0-301F-11D3-BF4B-00C04F79EFBC}") = "PluginTemplate", "PluginTemplate\PluginTemplate.csproj", "{772FF769-F3BD-4A86-901B-2928800C4548}"
EndProject
Global
	GlobalSection(SolutionConfigurationPlatforms) = preSolution
		Debug|Any CPU = Debug|Any CPU
		Release|Any CPU = Release|Any CPU
	EndGlobalSection
	GlobalSection(ProjectConfigurationPlatforms) = postSolution
		{42435D63-5CAD-4E3A-A7A3-66BC87D2CF05}.Debug|Any CPU.ActiveCfg = Debug|Any CPU
		{42435D63-5CAD-4E3A-A7A3-66BC87D2CF05}.Debug|Any CPU.Build.0 = Debug|Any CPU
		{42435D63-5CAD-4E3A-A7A3-66BC87D2CF05}.Release|Any CPU.ActiveCfg = Release|Any CPU
		{42435D63-5CAD-4E3A-A7A3-66BC87D2CF05}.Release|Any CPU.Build.0 = Release|Any CPU
		{A1EAA954-B3C2-4FB2-A62B-5A12A6F5D8E4}.Debug|Any CPU.ActiveCfg = Debug|Any CPU
		{A1EAA954-B3C2-4FB2-A62B-5A12A6F5D8E4}.Debug|Any CPU.Build.0 = Debug|Any CPU
		{A1EAA954-B3C2-4FB2-A62B-5A12A6F5D8E4}.Release|Any CPU.ActiveCfg = Release|Any CPU
		{A1EAA954-B3C2-4FB2-A62B-5A12A6F5D8E4}.Release|Any CPU.Build.0 = Release|Any CPU
		{F4F6BFAC-4D9B-4F24-963E-418806FCA1EE}.Debug|Any CPU.ActiveCfg = Debug|Any CPU
		{F4F6BFAC-4D9B-4F24-963E-418806FCA1EE}.Debug|Any CPU.Build.0 = Debug|Any CPU
		{F4F6BFAC-4D9B-4F24-963E-418806FCA1EE}.Release|Any CPU.ActiveCfg = Release|Any CPU
		{F4F6BFAC-4D9B-4F24-963E-418806FCA1EE}.Release|Any CPU.Build.0 = Release|Any CPU
		{7D292085-3F6F-4299-B941-4D2C185DA37E}.Debug|Any CPU.ActiveCfg = Debug|Any CPU
		{7D292085-3F6F-4299-B941-4D2C185DA37E}.Debug|Any CPU.Build.0 = Debug|Any CPU
		{7D292085-3F6F-4299-B941-4D2C185DA37E}.Release|Any CPU.ActiveCfg = Release|Any CPU
		{7D292085-3F6F-4299-B941-4D2C185DA37E}.Release|Any CPU.Build.0 = Release|Any CPU
		{D27C2719-0033-4F58-ACE1-E709DB89B2F3}.Debug|Any CPU.ActiveCfg = Debug|Any CPU
		{D27C2719-0033-4F58-ACE1-E709DB89B2F3}.Debug|Any CPU.Build.0 = Debug|Any CPU
		{D27C2719-0033-4F58-ACE1-E709DB89B2F3}.Release|Any CPU.ActiveCfg = Release|Any CPU
		{D27C2719-0033-4F58-ACE1-E709DB89B2F3}.Release|Any CPU.Build.0 = Release|Any CPU
		{772FF769-F3BD-4A86-901B-2928800C4548}.Debug|Any CPU.ActiveCfg = Debug|Any CPU
		{772FF769-F3BD-4A86-901B-2928800C4548}.Debug|Any CPU.Build.0 = Debug|Any CPU
		{772FF769-F3BD-4A86-901B-2928800C4548}.Release|Any CPU.ActiveCfg = Release|Any CPU
		{772FF769-F3BD-4A86-901B-2928800C4548}.Release|Any CPU.Build.0 = Release|Any CPU
	EndGlobalSection
	GlobalSection(SolutionProperties) = preSolution
		HideSolutionNode = FALSE
	EndGlobalSection
EndGlobal
