
Microsoft Visual Studio Solution File, Format Version 12.00
# Visual Studio 2013
VisualStudioVersion = 12.0.21005.1
MinimumVisualStudioVersion = 10.0.40219.1
Project("{FAE04EC0-301F-11D3-BF4B-00C04F79EFBC}") = "o!RA", "o!RA\o!RA.csproj", "{42435D63-5CAD-4E3A-A7A3-66BC87D2CF05}"
EndProject
Project("{FAE04EC0-301F-11D3-BF4B-00C04F79EFBC}") = "o!RA Locale Generator", "o!RA Locale Generator\o!RA Locale Generator.csproj", "{A1EAA954-B3C2-4FB2-A62B-5A12A6F5D8E4}"
EndProject
Global
	GlobalSection(SolutionConfigurationPlatforms) = preSolution
		Debug|Any CPU = Debug|Any CPU
		Release|Any CPU = Release|Any CPU
	EndGlobalSection
	GlobalSection(ProjectConfigurationPlatforms) = postSolution
		{42435D63-5CAD-4E3A-A7A3-66BC87D2CF05}.Debug|Any CPU.ActiveCfg = Debug|Any CPU
		{42435D63-5CAD-4E3A-A7A3-66BC87D2CF05}.Debug|Any CPU.Build.0 = Debug|Any CPU
		{42435D63-5CAD-4E3A-A7A3-66BC87D2CF05}.Release|Any CPU.ActiveCfg = Release|Any CPU
		{42435D63-5CAD-4E3A-A7A3-66BC87D2CF05}.Release|Any CPU.Build.0 = Release|Any CPU
		{A1EAA954-B3C2-4FB2-A62B-5A12A6F5D8E4}.Debug|Any CPU.ActiveCfg = Debug|Any CPU
		{A1EAA954-B3C2-4FB2-A62B-5A12A6F5D8E4}.Debug|Any CPU.Build.0 = Debug|Any CPU
		{A1EAA954-B3C2-4FB2-A62B-5A12A6F5D8E4}.Release|Any CPU.ActiveCfg = Release|Any CPU
		{A1EAA954-B3C2-4FB2-A62B-5A12A6F5D8E4}.Release|Any CPU.Build.0 = Release|Any CPU
	EndGlobalSection
	GlobalSection(SolutionProperties) = preSolution
		HideSolutionNode = FALSE
	EndGlobalSection
EndGlobal
