
Microsoft Visual Studio Solution File, Format Version 12.00
# Visual Studio 2012
Project("{FAE04EC0-301F-11D3-BF4B-00C04F79EFBC}") = "MapInfoPlugin", "MapInfoPlugin.csproj", "{772FF769-F3BD-4A86-901B-2928800C4548}"
EndProject
Global
	GlobalSection(SolutionConfigurationPlatforms) = preSolution
		Debug|Any CPU = Debug|Any CPU
		Release|Any CPU = Release|Any CPU
	EndGlobalSection
	GlobalSection(ProjectConfigurationPlatforms) = postSolution
		{772FF769-F3BD-4A86-901B-2928800C4548}.Debug|Any CPU.ActiveCfg = Debug|Any CPU
		{772FF769-F3BD-4A86-901B-2928800C4548}.Debug|Any CPU.Build.0 = Debug|Any CPU
		{772FF769-F3BD-4A86-901B-2928800C4548}.Release|Any CPU.ActiveCfg = Release|Any CPU
		{772FF769-F3BD-4A86-901B-2928800C4548}.Release|Any CPU.Build.0 = Release|Any CPU
	EndGlobalSection
	GlobalSection(SolutionProperties) = preSolution
		HideSolutionNode = FALSE
	EndGlobalSection
EndGlobal
